Microsoft Visual Studio Solution File, Format Version 12.00
# Visual Studio 2013
VisualStudioVersion = 12.0.31101.0
MinimumVisualStudioVersion = 10.0.40219.1
Project("{2150E333-8FDC-42A3-9474-1A3956D46DE8}") = ".paket", ".paket", "{63297B98-5CED-492C-A5B7-A5B4F73CF142}"
	ProjectSection(SolutionItems) = preProject
		paket.dependencies = paket.dependencies
	EndProjectSection
EndProject
Project("{F2A71F9B-5D33-465A-A702-920D77279786}") = "FSharp.AWS.S3TypeProvider.Runtime", "src\FSharp.AWS.S3TypeProvider.Runtime\FSharp.AWS.S3TypeProvider.Runtime.fsproj", "{15ABAA04-ED34-450C-845C-0DAF81FC20D9}"
EndProject
Project("{F2A71F9B-5D33-465A-A702-920D77279786}") = "FSharp.AWS.S3TypeProvider.DesignTime", "src\FSharp.AWS.S3TypeProvider.DesignTime\FSharp.AWS.S3TypeProvider.DesignTime.fsproj", "{60A7D338-5F05-493A-829A-3C9AA1C6C8AA}"
EndProject
Project("{2150E333-8FDC-42A3-9474-1A3956D46DE8}") = "tests", "tests", "{ED8079DD-2B06-4030-9F0F-DC548F98E1C4}"
EndProject
Project("{F2A71F9B-5D33-465A-A702-920D77279786}") = "FSharp.AWS.S3TypeProvider.Tests", "tests\FSharp.AWS.S3TypeProvider.Tests\FSharp.AWS.S3TypeProvider.Tests.fsproj", "{B81F1511-291D-42BF-8051-67AF5BFDBF44}"
EndProject
Project("{2150E333-8FDC-42A3-9474-1A3956D46DE8}") = "Solution Items", "Solution Items", "{2DD34983-AF97-4DDF-8A40-7DA0C38D7484}"
	ProjectSection(SolutionItems) = preProject
		src\FSharp.AWS.S3TypeProvider.fsx = src\FSharp.AWS.S3TypeProvider.fsx
	EndProjectSection
EndProject
Global
	GlobalSection(SolutionConfigurationPlatforms) = preSolution
		Debug|Any CPU = Debug|Any CPU
		Release|Any CPU = Release|Any CPU
	EndGlobalSection
	GlobalSection(ProjectConfigurationPlatforms) = postSolution
		{15ABAA04-ED34-450C-845C-0DAF81FC20D9}.Debug|Any CPU.ActiveCfg = Debug|Any CPU
		{15ABAA04-ED34-450C-845C-0DAF81FC20D9}.Debug|Any CPU.Build.0 = Debug|Any CPU
		{15ABAA04-ED34-450C-845C-0DAF81FC20D9}.Release|Any CPU.ActiveCfg = Release|Any CPU
		{15ABAA04-ED34-450C-845C-0DAF81FC20D9}.Release|Any CPU.Build.0 = Release|Any CPU
		{60A7D338-5F05-493A-829A-3C9AA1C6C8AA}.Debug|Any CPU.ActiveCfg = Debug|Any CPU
		{60A7D338-5F05-493A-829A-3C9AA1C6C8AA}.Debug|Any CPU.Build.0 = Debug|Any CPU
		{60A7D338-5F05-493A-829A-3C9AA1C6C8AA}.Release|Any CPU.ActiveCfg = Release|Any CPU
		{60A7D338-5F05-493A-829A-3C9AA1C6C8AA}.Release|Any CPU.Build.0 = Release|Any CPU
		{B81F1511-291D-42BF-8051-67AF5BFDBF44}.Debug|Any CPU.ActiveCfg = Debug|Any CPU
		{B81F1511-291D-42BF-8051-67AF5BFDBF44}.Debug|Any CPU.Build.0 = Debug|Any CPU
		{B81F1511-291D-42BF-8051-67AF5BFDBF44}.Release|Any CPU.ActiveCfg = Release|Any CPU
		{B81F1511-291D-42BF-8051-67AF5BFDBF44}.Release|Any CPU.Build.0 = Release|Any CPU
	EndGlobalSection
	GlobalSection(SolutionProperties) = preSolution
		HideSolutionNode = FALSE
	EndGlobalSection
	GlobalSection(NestedProjects) = preSolution
		{B81F1511-291D-42BF-8051-67AF5BFDBF44} = {ED8079DD-2B06-4030-9F0F-DC548F98E1C4}
	EndGlobalSection
EndGlobal
